
Microsoft Visual Studio Solution File, Format Version 11.00
# Visual Studio 2010
Project("{FAE04EC0-301F-11D3-BF4B-00C04F79EFBC}") = "Assembly-CSharp", "Assembly-CSharp.csproj", "{105dde74-038e-25d4-bba2-74beab0bdeb5}"
EndProject
Project("{FAE04EC0-301F-11D3-BF4B-00C04F79EFBC}") = "Assembly-CSharp-Editor", "Assembly-CSharp-Editor.csproj", "{ccf3fc3c-2864-5857-33b1-f6ec147b6ef7}"
EndProject
Global
	GlobalSection(SolutionConfigurationPlatforms) = preSolution
		Debug|Any CPU = Debug|Any CPU
	EndGlobalSection
	GlobalSection(ProjectConfigurationPlatforms) = postSolution
		{105dde74-038e-25d4-bba2-74beab0bdeb5}.Debug|Any CPU.ActiveCfg = Debug|Any CPU
		{105dde74-038e-25d4-bba2-74beab0bdeb5}.Debug|Any CPU.Build.0 = Debug|Any CPU
		{ccf3fc3c-2864-5857-33b1-f6ec147b6ef7}.Debug|Any CPU.ActiveCfg = Debug|Any CPU
		{ccf3fc3c-2864-5857-33b1-f6ec147b6ef7}.Debug|Any CPU.Build.0 = Debug|Any CPU
	EndGlobalSection
	GlobalSection(SolutionProperties) = preSolution
		HideSolutionNode = FALSE
	EndGlobalSection
EndGlobal
